// !$*UTF8*$!
{
	archiveVersion = 1;
	classes = {
	};
	objectVersion = 50;
	objects = {

/* Begin PBXFileReference section */
		F7E8247123EF0A6100A18A32 /* CNflag */ = {isa = PBXFileReference; lastKnownFileType = folder; name = CNflag; sourceTree = "<group>"; };
		F7E8247223EF0A6C00A18A32 /* CS-CN-flag */ = {isa = PBXFileReference; lastKnownFileType = folder; name = "CS-CN-flag"; path = ..; sourceTree = "<group>"; };
/* End PBXFileReference section */

/* Begin PBXGroup section */
		F7E8246A23EF0A3700A18A32 = {
			isa = PBXGroup;
			children = (
				F7E8247223EF0A6C00A18A32 /* CS-CN-flag */,
				F7E8247123EF0A6100A18A32 /* CNflag */,
			);
			sourceTree = "<group>";
		};
/* End PBXGroup section */

/* Begin PBXProject section */
		F7E8246B23EF0A3700A18A32 /* Project object */ = {
			isa = PBXProject;
			attributes = {
				LastUpgradeCheck = 1130;
			};
			buildConfigurationList = F7E8246E23EF0A3700A18A32 /* Build configuration list for PBXProject "Cnflag" */;
			compatibilityVersion = "Xcode 9.3";
			developmentRegion = en;
			hasScannedForEncodings = 0;
			knownRegions = (
				en,
				Base,
			);
			mainGroup = F7E8246A23EF0A3700A18A32;
			projectDirPath = "";
			projectRoot = "";
			targets = (
			);
		};
/* End PBXProject section */

/* Begin XCBuildConfiguration section */
		F7E8246F23EF0A3700A18A32 /* Debug */ = {
			isa = XCBuildConfiguration;
			buildSettings = {
			};
			name = Debug;
		};
		F7E8247023EF0A3700A18A32 /* Release */ = {
			isa = XCBuildConfiguration;
			buildSettings = {
			};
			name = Release;
		};
/* End XCBuildConfiguration section */

/* Begin XCConfigurationList section */
		F7E8246E23EF0A3700A18A32 /* Build configuration list for PBXProject "Cnflag" */ = {
			isa = XCConfigurationList;
			buildConfigurations = (
				F7E8246F23EF0A3700A18A32 /* Debug */,
				F7E8247023EF0A3700A18A32 /* Release */,
			);
			defaultConfigurationIsVisible = 0;
			defaultConfigurationName = Release;
		};
/* End XCConfigurationList section */
	};
	rootObject = F7E8246B23EF0A3700A18A32 /* Project object */;
}
